
Microsoft Visual Studio Solution File, Format Version 12.00
# Visual Studio Version 17
VisualStudioVersion = 17.10.35013.160
MinimumVisualStudioVersion = 10.0.40219.1
Project("{FAE04EC0-301F-11D3-BF4B-00C04F79EFBC}") = "Simple_Blog", "Simple_Blog\Simple_Blog.csproj", "{1CEE320B-4200-4994-94A6-E30F99DE29AB}"
EndProject
Global
	GlobalSection(SolutionConfigurationPlatforms) = preSolution
		Debug|Any CPU = Debug|Any CPU
		Release|Any CPU = Release|Any CPU
	EndGlobalSection
	GlobalSection(ProjectConfigurationPlatforms) = postSolution
		{1CEE320B-4200-4994-94A6-E30F99DE29AB}.Debug|Any CPU.ActiveCfg = Debug|Any CPU
		{1CEE320B-4200-4994-94A6-E30F99DE29AB}.Debug|Any CPU.Build.0 = Debug|Any CPU
		{1CEE320B-4200-4994-94A6-E30F99DE29AB}.Release|Any CPU.ActiveCfg = Release|Any CPU
		{1CEE320B-4200-4994-94A6-E30F99DE29AB}.Release|Any CPU.Build.0 = Release|Any CPU
	EndGlobalSection
	GlobalSection(SolutionProperties) = preSolution
		HideSolutionNode = FALSE
	EndGlobalSection
	GlobalSection(ExtensibilityGlobals) = postSolution
		SolutionGuid = {0C84156F-EF99-40C4-992D-543BBDE02A54}
	EndGlobalSection
EndGlobal
